
Microsoft Visual Studio Solution File, Format Version 12.00
Project("{FAE04EC0-301F-11D3-BF4B-00C04F79EFBC}") = "Classtwo", "Classtwo\Classtwo.csproj", "{180A6958-321C-4C11-8BE7-B5B9524126C0}"
EndProject
Global
	GlobalSection(SolutionConfigurationPlatforms) = preSolution
		Debug|Any CPU = Debug|Any CPU
		Release|Any CPU = Release|Any CPU
	EndGlobalSection
	GlobalSection(ProjectConfigurationPlatforms) = postSolution
		{180A6958-321C-4C11-8BE7-B5B9524126C0}.Debug|Any CPU.ActiveCfg = Debug|Any CPU
		{180A6958-321C-4C11-8BE7-B5B9524126C0}.Debug|Any CPU.Build.0 = Debug|Any CPU
		{180A6958-321C-4C11-8BE7-B5B9524126C0}.Release|Any CPU.ActiveCfg = Release|Any CPU
		{180A6958-321C-4C11-8BE7-B5B9524126C0}.Release|Any CPU.Build.0 = Release|Any CPU
	EndGlobalSection
EndGlobal
